
Microsoft Visual Studio Solution File, Format Version 12.00
# Visual Studio Version 17
VisualStudioVersion = 17.13.35919.96 d17.13
MinimumVisualStudioVersion = 10.0.40219.1
Project("{FAE04EC0-301F-11D3-BF4B-00C04F79EFBC}") = "Tubes_Kelompok_BisaYukk", "Tubes_Kelompok_BisaYukk\Tubes_Kelompok_BisaYukk.csproj", "{5171850D-1D29-4176-99D3-8570A5D96B85}"
EndProject
Global
	GlobalSection(SolutionConfigurationPlatforms) = preSolution
		Debug|Any CPU = Debug|Any CPU
		Release|Any CPU = Release|Any CPU
	EndGlobalSection
	GlobalSection(ProjectConfigurationPlatforms) = postSolution
		{5171850D-1D29-4176-99D3-8570A5D96B85}.Debug|Any CPU.ActiveCfg = Debug|Any CPU
		{5171850D-1D29-4176-99D3-8570A5D96B85}.Debug|Any CPU.Build.0 = Debug|Any CPU
		{5171850D-1D29-4176-99D3-8570A5D96B85}.Release|Any CPU.ActiveCfg = Release|Any CPU
		{5171850D-1D29-4176-99D3-8570A5D96B85}.Release|Any CPU.Build.0 = Release|Any CPU
	EndGlobalSection
	GlobalSection(SolutionProperties) = preSolution
		HideSolutionNode = FALSE
	EndGlobalSection
	GlobalSection(ExtensibilityGlobals) = postSolution
		SolutionGuid = {7937F948-A8D4-4BD6-BF40-97F6FA8A662E}
	EndGlobalSection
EndGlobal
